
Microsoft Visual Studio Solution File, Format Version 12.00
# Visual Studio Version 16
VisualStudioVersion = 16.0.30406.217
MinimumVisualStudioVersion = 10.0.40219.1
Project("{FAE04EC0-301F-11D3-BF4B-00C04F79EFBC}") = "BlobUploadAndIndex", "BlobUploadAndIndex\BlobUploadAndIndex.csproj", "{FB96B84B-7DAC-4E9C-9F0B-BAFA226031A7}"
EndProject
Global
	GlobalSection(SolutionConfigurationPlatforms) = preSolution
		Debug|Any CPU = Debug|Any CPU
		Release|Any CPU = Release|Any CPU
	EndGlobalSection
	GlobalSection(ProjectConfigurationPlatforms) = postSolution
		{FB96B84B-7DAC-4E9C-9F0B-BAFA226031A7}.Debug|Any CPU.ActiveCfg = Debug|Any CPU
		{FB96B84B-7DAC-4E9C-9F0B-BAFA226031A7}.Debug|Any CPU.Build.0 = Debug|Any CPU
		{FB96B84B-7DAC-4E9C-9F0B-BAFA226031A7}.Release|Any CPU.ActiveCfg = Release|Any CPU
		{FB96B84B-7DAC-4E9C-9F0B-BAFA226031A7}.Release|Any CPU.Build.0 = Release|Any CPU
	EndGlobalSection
	GlobalSection(SolutionProperties) = preSolution
		HideSolutionNode = FALSE
	EndGlobalSection
	GlobalSection(ExtensibilityGlobals) = postSolution
		SolutionGuid = {3496BF45-1716-400B-A5BE-805052FF7ABA}
	EndGlobalSection
EndGlobal
